
Microsoft Visual Studio Solution File, Format Version 12.00
# Visual Studio Version 16
VisualStudioVersion = 16.0.30804.86
MinimumVisualStudioVersion = 10.0.40219.1
Project("{FAE04EC0-301F-11D3-BF4B-00C04F79EFBC}") = "PasswordCracker", "PasswordCracker.csproj", "{C7592B53-DBA3-43B6-AA9F-88A0DB961000}"
EndProject
Project("{FAE04EC0-301F-11D3-BF4B-00C04F79EFBC}") = "PasswordCrackerClient", "..\PasswordCrackerClient\PasswordCrackerClient.csproj", "{62707C3C-8BCA-4611-91C2-4C3053FE472E}"
EndProject
Project("{FAE04EC0-301F-11D3-BF4B-00C04F79EFBC}") = "PasswordCracker3", "..\PasswordCracker3\PasswordCracker3.csproj", "{E38DE2C3-8AF7-435E-BF59-B41BAC767C84}"
EndProject
Project("{FAE04EC0-301F-11D3-BF4B-00C04F79EFBC}") = "PasswordCracker4", "..\PasswordCracker4\PasswordCracker4.csproj", "{2BEC5528-8D81-43B0-9582-0F54304B848B}"
EndProject
Project("{FAE04EC0-301F-11D3-BF4B-00C04F79EFBC}") = "PasswordCracker2", "..\PasswordCracker2\PasswordCracker2.csproj", "{E84DA38B-D045-4349-8600-28229ACC9985}"
EndProject
Global
	GlobalSection(SolutionConfigurationPlatforms) = preSolution
		Debug|Any CPU = Debug|Any CPU
		Release|Any CPU = Release|Any CPU
	EndGlobalSection
	GlobalSection(ProjectConfigurationPlatforms) = postSolution
		{C7592B53-DBA3-43B6-AA9F-88A0DB961000}.Debug|Any CPU.ActiveCfg = Debug|Any CPU
		{C7592B53-DBA3-43B6-AA9F-88A0DB961000}.Debug|Any CPU.Build.0 = Debug|Any CPU
		{C7592B53-DBA3-43B6-AA9F-88A0DB961000}.Release|Any CPU.ActiveCfg = Release|Any CPU
		{C7592B53-DBA3-43B6-AA9F-88A0DB961000}.Release|Any CPU.Build.0 = Release|Any CPU
		{62707C3C-8BCA-4611-91C2-4C3053FE472E}.Debug|Any CPU.ActiveCfg = Debug|Any CPU
		{62707C3C-8BCA-4611-91C2-4C3053FE472E}.Debug|Any CPU.Build.0 = Debug|Any CPU
		{62707C3C-8BCA-4611-91C2-4C3053FE472E}.Release|Any CPU.ActiveCfg = Release|Any CPU
		{62707C3C-8BCA-4611-91C2-4C3053FE472E}.Release|Any CPU.Build.0 = Release|Any CPU
		{E38DE2C3-8AF7-435E-BF59-B41BAC767C84}.Debug|Any CPU.ActiveCfg = Debug|Any CPU
		{E38DE2C3-8AF7-435E-BF59-B41BAC767C84}.Debug|Any CPU.Build.0 = Debug|Any CPU
		{E38DE2C3-8AF7-435E-BF59-B41BAC767C84}.Release|Any CPU.ActiveCfg = Release|Any CPU
		{E38DE2C3-8AF7-435E-BF59-B41BAC767C84}.Release|Any CPU.Build.0 = Release|Any CPU
		{2BEC5528-8D81-43B0-9582-0F54304B848B}.Debug|Any CPU.ActiveCfg = Debug|Any CPU
		{2BEC5528-8D81-43B0-9582-0F54304B848B}.Debug|Any CPU.Build.0 = Debug|Any CPU
		{2BEC5528-8D81-43B0-9582-0F54304B848B}.Release|Any CPU.ActiveCfg = Release|Any CPU
		{2BEC5528-8D81-43B0-9582-0F54304B848B}.Release|Any CPU.Build.0 = Release|Any CPU
		{E84DA38B-D045-4349-8600-28229ACC9985}.Debug|Any CPU.ActiveCfg = Debug|Any CPU
		{E84DA38B-D045-4349-8600-28229ACC9985}.Debug|Any CPU.Build.0 = Debug|Any CPU
		{E84DA38B-D045-4349-8600-28229ACC9985}.Release|Any CPU.ActiveCfg = Release|Any CPU
		{E84DA38B-D045-4349-8600-28229ACC9985}.Release|Any CPU.Build.0 = Release|Any CPU
	EndGlobalSection
	GlobalSection(SolutionProperties) = preSolution
		HideSolutionNode = FALSE
	EndGlobalSection
	GlobalSection(ExtensibilityGlobals) = postSolution
		SolutionGuid = {E4660F3D-F4B1-4F1A-A70A-14DE6FBBCD3D}
	EndGlobalSection
EndGlobal
